
Microsoft Visual Studio Solution File, Format Version 12.00
# Visual Studio Version 17
VisualStudioVersion = 17.10.35122.118
MinimumVisualStudioVersion = 10.0.40219.1
Project("{FAE04EC0-301F-11D3-BF4B-00C04F79EFBC}") = "Effective Mobile", "Effective Mobile.csproj", "{2B708719-6401-45F0-AEFE-C5C166718483}"
EndProject
Global
	GlobalSection(SolutionConfigurationPlatforms) = preSolution
		Debug|Any CPU = Debug|Any CPU
		Release|Any CPU = Release|Any CPU
	EndGlobalSection
	GlobalSection(ProjectConfigurationPlatforms) = postSolution
		{2B708719-6401-45F0-AEFE-C5C166718483}.Debug|Any CPU.ActiveCfg = Debug|Any CPU
		{2B708719-6401-45F0-AEFE-C5C166718483}.Debug|Any CPU.Build.0 = Debug|Any CPU
		{2B708719-6401-45F0-AEFE-C5C166718483}.Release|Any CPU.ActiveCfg = Release|Any CPU
		{2B708719-6401-45F0-AEFE-C5C166718483}.Release|Any CPU.Build.0 = Release|Any CPU
	EndGlobalSection
	GlobalSection(SolutionProperties) = preSolution
		HideSolutionNode = FALSE
	EndGlobalSection
	GlobalSection(ExtensibilityGlobals) = postSolution
		SolutionGuid = {CBE78A57-4772-4AB1-BCD0-D4397D1B0B11}
	EndGlobalSection
EndGlobal
